
Microsoft Visual Studio Solution File, Format Version 12.00
# Visual Studio Version 16
VisualStudioVersion = 16.0.31911.196
MinimumVisualStudioVersion = 10.0.40219.1
Project("{FAE04EC0-301F-11D3-BF4B-00C04F79EFBC}") = "AsyncLock", "AsyncLock\AsyncLock.csproj", "{82AA3FA5-91E4-40C4-8313-CA3A741B2424}"
EndProject
Project("{FAE04EC0-301F-11D3-BF4B-00C04F79EFBC}") = "AsyncLock.Unit.Test", "AsyncLock.Unit.Test\AsyncLock.Unit.Test.csproj", "{21E1497A-CC44-49A6-8AED-5FB31717E069}"
EndProject
Global
	GlobalSection(SolutionConfigurationPlatforms) = preSolution
		Debug|Any CPU = Debug|Any CPU
		Release|Any CPU = Release|Any CPU
	EndGlobalSection
	GlobalSection(ProjectConfigurationPlatforms) = postSolution
		{82AA3FA5-91E4-40C4-8313-CA3A741B2424}.Debug|Any CPU.ActiveCfg = Debug|Any CPU
		{82AA3FA5-91E4-40C4-8313-CA3A741B2424}.Debug|Any CPU.Build.0 = Debug|Any CPU
		{82AA3FA5-91E4-40C4-8313-CA3A741B2424}.Release|Any CPU.ActiveCfg = Release|Any CPU
		{82AA3FA5-91E4-40C4-8313-CA3A741B2424}.Release|Any CPU.Build.0 = Release|Any CPU
		{21E1497A-CC44-49A6-8AED-5FB31717E069}.Debug|Any CPU.ActiveCfg = Debug|Any CPU
		{21E1497A-CC44-49A6-8AED-5FB31717E069}.Debug|Any CPU.Build.0 = Debug|Any CPU
		{21E1497A-CC44-49A6-8AED-5FB31717E069}.Release|Any CPU.ActiveCfg = Release|Any CPU
		{21E1497A-CC44-49A6-8AED-5FB31717E069}.Release|Any CPU.Build.0 = Release|Any CPU
	EndGlobalSection
	GlobalSection(SolutionProperties) = preSolution
		HideSolutionNode = FALSE
	EndGlobalSection
	GlobalSection(ExtensibilityGlobals) = postSolution
		SolutionGuid = {01D2CD0A-B500-4BCB-B3A0-2D792FBA5641}
	EndGlobalSection
EndGlobal
